%{
  "castore": {:hex, :castore, "0.1.20", "62a0126cbb7cb3e259257827b9190f88316eb7aa3fdac01fd6f2dfd64e7f46e9", [:mix], [], "hexpm", "a020b7650529c986c454a4035b6b13a328e288466986307bea3aadb4c95ac98a"},
  "complex": {:hex, :complex, "0.4.2", "923e5db0be13dbb3ea00cf8459d9f75f3afdd9ff5a82742ded21064330d28273", [:mix], [], "hexpm", "069a085ef820ce675a2619fd125b963ff4514af2102c7f7d7965128e5ec0a429"},
  "earmark": {:hex, :earmark, "0.2.1", "ba6d26ceb16106d069b289df66751734802777a3cbb6787026dd800ffeb850f3", [:mix], [], "hexpm", "c86afb8d22a5aa8315afd4257c7512011c0c9a48b0fea43af7612836b958098b"},
  "earmark_parser": {:hex, :earmark_parser, "1.4.29", "149d50dcb3a93d9f3d6f3ecf18c918fb5a2d3c001b5d3305c926cddfbd33355b", [:mix], [], "hexpm", "4902af1b3eb139016aed210888748db8070b8125c2342ce3dcae4f38dcc63503"},
  "erlport": {:hex, :erlport, "0.10.1", "c96ffa51bbcab0298232fcdfe8c3e110f1598011de71ae6b9082b80c9e2e476a", [:rebar3], [], "hexpm", "34931e8cb62a131d1bc8a2bd04d4007c73c03e4f10e22ee4a218e7172227a918"},
  "ex_doc": {:hex, :ex_doc, "0.29.1", "b1c652fa5f92ee9cf15c75271168027f92039b3877094290a75abcaac82a9f77", [:mix], [{:earmark_parser, "~> 1.4.19", [hex: :earmark_parser, repo: "hexpm", optional: false]}, {:makeup_elixir, "~> 0.14", [hex: :makeup_elixir, repo: "hexpm", optional: false]}, {:makeup_erlang, "~> 0.1", [hex: :makeup_erlang, repo: "hexpm", optional: false]}], "hexpm", "b7745fa6374a36daf484e2a2012274950e084815b936b1319aeebcf7809574f6"},
  "expyplot": {:hex, :expyplot, "1.2.2", "ae39e7d230de0c8986863463436558306496fcac681d8e53d046e11a75a7a9d2", [:mix], [{:earmark, "~> 0.1", [hex: :earmark, repo: "hexpm", optional: false]}, {:ex_doc, "~> 0.11", [hex: :ex_doc, repo: "hexpm", optional: false]}, {:statistics, "~> 0.4.1", [hex: :statistics, repo: "hexpm", optional: false]}], "hexpm", "ba9d80623d8c5e25bb3d21cd19cac28043dd9ef4ec9ac4013fcb26cac3fc6fb3"},
  "jason": {:hex, :jason, "1.4.0", "e855647bc964a44e2f67df589ccf49105ae039d4179db7f6271dfd3843dc27e6", [:mix], [{:decimal, "~> 1.0 or ~> 2.0", [hex: :decimal, repo: "hexpm", optional: true]}], "hexpm", "79a3791085b2a0f743ca04cec0f7be26443738779d09302e01318f97bdb82121"},
  "makeup": {:hex, :makeup, "1.1.0", "6b67c8bc2882a6b6a445859952a602afc1a41c2e08379ca057c0f525366fc3ca", [:mix], [{:nimble_parsec, "~> 1.2.2 or ~> 1.3", [hex: :nimble_parsec, repo: "hexpm", optional: false]}], "hexpm", "0a45ed501f4a8897f580eabf99a2e5234ea3e75a4373c8a52824f6e873be57a6"},
  "makeup_elixir": {:hex, :makeup_elixir, "0.16.0", "f8c570a0d33f8039513fbccaf7108c5d750f47d8defd44088371191b76492b0b", [:mix], [{:makeup, "~> 1.0", [hex: :makeup, repo: "hexpm", optional: false]}, {:nimble_parsec, "~> 1.2.3", [hex: :nimble_parsec, repo: "hexpm", optional: false]}], "hexpm", "28b2cbdc13960a46ae9a8858c4bebdec3c9a6d7b4b9e7f4ed1502f8159f338e7"},
  "makeup_erlang": {:hex, :makeup_erlang, "0.1.1", "3fcb7f09eb9d98dc4d208f49cc955a34218fc41ff6b84df7c75b3e6e533cc65f", [:mix], [{:makeup, "~> 1.0", [hex: :makeup, repo: "hexpm", optional: false]}], "hexpm", "174d0809e98a4ef0b3309256cbf97101c6ec01c4ab0b23e926a9e17df2077cbb"},
  "mogrify": {:hex, :mogrify, "0.5.6", "8ba04d4204f7149fac4ca302ca37aeb1550074958bed9fa892fdf6cd46806082", [:mix], [], "hexpm", "68636c4f736872b2aa7b176f7820b8fe59ee2a11db688cf845410ce1a0260ab3"},
  "mogrify_draw": {:hex, :mogrify_draw, "0.1.1", "858e0eb209bad3d408cfce4845e49e049395f2ae80c0802ecf0b0b8c1b954207", [:mix], [{:mogrify, "~> 0.5.4", [hex: :mogrify, repo: "hexpm", optional: false]}], "hexpm", "3f2e05b6cfa8cdef027bbf3ba14a36253694bac7322a0109b5af019b00665238"},
  "nimble_csv": {:hex, :nimble_csv, "1.2.0", "4e26385d260c61eba9d4412c71cea34421f296d5353f914afe3f2e71cce97722", [:mix], [], "hexpm", "d0628117fcc2148178b034044c55359b26966c6eaa8e2ce15777be3bbc91b12a"},
  "nimble_parsec": {:hex, :nimble_parsec, "1.2.3", "244836e6e3f1200c7f30cb56733fd808744eca61fd182f731eac4af635cc6d0b", [:mix], [], "hexpm", "c8d789e39b9131acf7b99291e93dae60ab48ef14a7ee9d58c6964f59efb570b0"},
  "nx": {:hex, :nx, "0.4.1", "3cc8e420d0835ab7cac94f253950dee3ff927c68798ae88a3e4ff184a825b042", [:mix], [{:complex, "~> 0.4.2", [hex: :complex, repo: "hexpm", optional: false]}], "hexpm", "0b33fccaf76ebc6e79d53fe1149a70f99838e6505e9e7092e5a0a57b131b27c6"},
  "scidata": {:hex, :scidata, "0.1.9", "930cca282cf36294265575ef9ff41a91b3ae5fcf93e36e4d37238c1523e0ff00", [:mix], [{:castore, "~> 0.1", [hex: :castore, repo: "hexpm", optional: false]}, {:jason, "~> 1.0", [hex: :jason, repo: "hexpm", optional: false]}, {:nimble_csv, "~> 1.1", [hex: :nimble_csv, repo: "hexpm", optional: false]}, {:stb_image, "~> 0.4", [hex: :stb_image, repo: "hexpm", optional: true]}], "hexpm", "8df0d4cb205efe02f56a21ae20687a382d7ff54621a17df398991088f2058342"},
  "statistics": {:hex, :statistics, "0.4.1", "e9bfe6649f70842d9ebce69aa31ac8b6928e096bde43b683d7d673057237d028", [:mix], [], "hexpm", "726d8791e9bafb08b3ceeb5b08df6664f29a73a0e6ac0db835500b686a153bd5"},
}
